
Microsoft Visual Studio Solution File, Format Version 12.00
# Visual Studio 2012
Project("{FAE04EC0-301F-11D3-BF4B-00C04F79EFBC}") = "Dragonstone", "Dragonstone\Dragonstone.csproj", "{925FB589-6DE4-4906-882F-9C679DDDE6E7}"
EndProject
Global
	GlobalSection(SolutionConfigurationPlatforms) = preSolution
		Debug|Any CPU = Debug|Any CPU
		Release|Any CPU = Release|Any CPU
	EndGlobalSection
	GlobalSection(ProjectConfigurationPlatforms) = postSolution
		{925FB589-6DE4-4906-882F-9C679DDDE6E7}.Debug|Any CPU.ActiveCfg = Debug|Any CPU
		{925FB589-6DE4-4906-882F-9C679DDDE6E7}.Debug|Any CPU.Build.0 = Debug|Any CPU
		{925FB589-6DE4-4906-882F-9C679DDDE6E7}.Release|Any CPU.ActiveCfg = Release|Any CPU
		{925FB589-6DE4-4906-882F-9C679DDDE6E7}.Release|Any CPU.Build.0 = Release|Any CPU
	EndGlobalSection
	GlobalSection(SolutionProperties) = preSolution
		HideSolutionNode = FALSE
	EndGlobalSection
EndGlobal
